// !$*UTF8*$!
{
	archiveVersion = 1;
	classes = {
	};
	objectVersion = 55;
	objects = {

/* Begin PBXBuildFile section */
		E319215828AEE277008269D5 /* StoreageManger.swift in Sources */ = {isa = PBXBuildFile; fileRef = E319215728AEE277008269D5 /* StoreageManger.swift */; };
		E319215A28AFEB64008269D5 /* LargeScoresheetImageView.swift in Sources */ = {isa = PBXBuildFile; fileRef = E319215928AFEB64008269D5 /* LargeScoresheetImageView.swift */; };
		E319215C28AFFE39008269D5 /* IntroductionView.swift in Sources */ = {isa = PBXBuildFile; fileRef = E319215B28AFFE39008269D5 /* IntroductionView.swift */; };
		E319215E28B004D3008269D5 /* CheckToggleStyle.swift in Sources */ = {isa = PBXBuildFile; fileRef = E319215D28B004D3008269D5 /* CheckToggleStyle.swift */; };
		E327829828B03C8600690D36 /* QuickstartView.swift in Sources */ = {isa = PBXBuildFile; fileRef = E327829728B03C8600690D36 /* QuickstartView.swift */; };
		E327829A28B03CA900690D36 /* ScorekeepingView.swift in Sources */ = {isa = PBXBuildFile; fileRef = E327829928B03CA900690D36 /* ScorekeepingView.swift */; };
		E327829C28B03F8F00690D36 /* IntroductionOverviewView.swift in Sources */ = {isa = PBXBuildFile; fileRef = E327829B28B03F8F00690D36 /* IntroductionOverviewView.swift */; };
		E33A393F28B1CC840077A2C2 /* RulesView.swift in Sources */ = {isa = PBXBuildFile; fileRef = E33A393E28B1CC840077A2C2 /* RulesView.swift */; };
		E33A394128B1CD840077A2C2 /* PointsFifthRowTeam1View.swift in Sources */ = {isa = PBXBuildFile; fileRef = E33A394028B1CD840077A2C2 /* PointsFifthRowTeam1View.swift */; };
		E33D1D002899D9DD00B68F61 /* ChangeSidesMarkSideView.swift in Sources */ = {isa = PBXBuildFile; fileRef = E33D1CFF2899D9DD00B68F61 /* ChangeSidesMarkSideView.swift */; };
		E343CB4928B2DE1D0030EC20 /* ViolationView.swift in Sources */ = {isa = PBXBuildFile; fileRef = E343CB4828B2DE1D0030EC20 /* ViolationView.swift */; };
		E343CB4B28B2E0130030EC20 /* WarningView.swift in Sources */ = {isa = PBXBuildFile; fileRef = E343CB4A28B2E0130030EC20 /* WarningView.swift */; };
		E343CB4D28B2E0970030EC20 /* TechnicalFoulView.swift in Sources */ = {isa = PBXBuildFile; fileRef = E343CB4C28B2E0970030EC20 /* TechnicalFoulView.swift */; };
		E343CB4F28B2E0EF0030EC20 /* ViolationReferenceView.swift in Sources */ = {isa = PBXBuildFile; fileRef = E343CB4E28B2E0EF0030EC20 /* ViolationReferenceView.swift */; };
		E34932732893B62D0087ABB1 /* PreMatchBriefingView.swift in Sources */ = {isa = PBXBuildFile; fileRef = E34932722893B62D0087ABB1 /* PreMatchBriefingView.swift */; };
		E34932752893B6450087ABB1 /* RegularTimeOutView.swift in Sources */ = {isa = PBXBuildFile; fileRef = E34932742893B6450087ABB1 /* RegularTimeOutView.swift */; };
		E34932792893B6710087ABB1 /* StopwatchView.swift in Sources */ = {isa = PBXBuildFile; fileRef = E34932782893B6710087ABB1 /* StopwatchView.swift */; };
		E349327B2893B7FC0087ABB1 /* HelpView.swift in Sources */ = {isa = PBXBuildFile; fileRef = E349327A2893B7FC0087ABB1 /* HelpView.swift */; };
		E349327D2893B8490087ABB1 /* EditView.swift in Sources */ = {isa = PBXBuildFile; fileRef = E349327C2893B8490087ABB1 /* EditView.swift */; };
		E349327F2893B86F0087ABB1 /* StatisticsAdminView.swift in Sources */ = {isa = PBXBuildFile; fileRef = E349327E2893B86F0087ABB1 /* StatisticsAdminView.swift */; };
		E34932812893B8A70087ABB1 /* SettingsAdminView.swift in Sources */ = {isa = PBXBuildFile; fileRef = E34932802893B8A70087ABB1 /* SettingsAdminView.swift */; };
		E34932832893B8CF0087ABB1 /* AdminView.swift in Sources */ = {isa = PBXBuildFile; fileRef = E34932822893B8CF0087ABB1 /* AdminView.swift */; };
		E34D25DA289C9023006AAC51 /* Realm in Frameworks */ = {isa = PBXBuildFile; productRef = E34D25D9289C9023006AAC51 /* Realm */; };
		E34D25DC289C9023006AAC51 /* RealmSwift in Frameworks */ = {isa = PBXBuildFile; productRef = E34D25DB289C9023006AAC51 /* RealmSwift */; };
		E3632F7F2893775600F29D83 /* PickleballRefereeApp.swift in Sources */ = {isa = PBXBuildFile; fileRef = E3632F7E2893775600F29D83 /* PickleballRefereeApp.swift */; };
		E3632F832893775700F29D83 /* Assets.xcassets in Resources */ = {isa = PBXBuildFile; fileRef = E3632F822893775700F29D83 /* Assets.xcassets */; };
		E3632F862893775700F29D83 /* Preview Assets.xcassets in Resources */ = {isa = PBXBuildFile; fileRef = E3632F852893775700F29D83 /* Preview Assets.xcassets */; };
		E3632F90289379EC00F29D83 /* Game.swift in Sources */ = {isa = PBXBuildFile; fileRef = E3632F8F289379EC00F29D83 /* Game.swift */; };
		E3632F9328937A7D00F29D83 /* Realm in Frameworks */ = {isa = PBXBuildFile; productRef = E3632F9228937A7D00F29D83 /* Realm */; };
		E3632F9528937A7D00F29D83 /* RealmSwift in Frameworks */ = {isa = PBXBuildFile; productRef = E3632F9428937A7D00F29D83 /* RealmSwift */; };
		E3632F9728937C2100F29D83 /* Match.swift in Sources */ = {isa = PBXBuildFile; fileRef = E3632F9628937C2100F29D83 /* Match.swift */; };
		E3632F9D28937EC900F29D83 /* HomeView.swift in Sources */ = {isa = PBXBuildFile; fileRef = E3632F9C28937EC900F29D83 /* HomeView.swift */; };
		E3632F9F28937EFF00F29D83 /* MatchView.swift in Sources */ = {isa = PBXBuildFile; fileRef = E3632F9E28937EFF00F29D83 /* MatchView.swift */; };
		E3632FA128937F1E00F29D83 /* MatchSetupView.swift in Sources */ = {isa = PBXBuildFile; fileRef = E3632FA028937F1E00F29D83 /* MatchSetupView.swift */; };
		E3632FA32893871900F29D83 /* Constants.swift in Sources */ = {isa = PBXBuildFile; fileRef = E3632FA22893871900F29D83 /* Constants.swift */; };
		E3632FA528938BF000F29D83 /* PointsScoringTitlesView.swift in Sources */ = {isa = PBXBuildFile; fileRef = E3632FA428938BF000F29D83 /* PointsScoringTitlesView.swift */; };
		E3632FA728938CDB00F29D83 /* PointsFirstRowTeam1View.swift in Sources */ = {isa = PBXBuildFile; fileRef = E3632FA628938CDB00F29D83 /* PointsFirstRowTeam1View.swift */; };
		E3632FA928938D0600F29D83 /* PointsFirstRowTeam2View.swift in Sources */ = {isa = PBXBuildFile; fileRef = E3632FA828938D0600F29D83 /* PointsFirstRowTeam2View.swift */; };
		E3632FAB28938D2100F29D83 /* PointsSecondRowTeam1View.swift in Sources */ = {isa = PBXBuildFile; fileRef = E3632FAA28938D2100F29D83 /* PointsSecondRowTeam1View.swift */; };
		E3632FAD2893913F00F29D83 /* PointsSecondRowTeam2View.swift in Sources */ = {isa = PBXBuildFile; fileRef = E3632FAC2893913F00F29D83 /* PointsSecondRowTeam2View.swift */; };
		E3632FAF2893915C00F29D83 /* PointsThirdRowTeam1View.swift in Sources */ = {isa = PBXBuildFile; fileRef = E3632FAE2893915C00F29D83 /* PointsThirdRowTeam1View.swift */; };
		E3632FB12893918100F29D83 /* PointsThirdRowTeam2View.swift in Sources */ = {isa = PBXBuildFile; fileRef = E3632FB02893918100F29D83 /* PointsThirdRowTeam2View.swift */; };
		E3632FB32893920D00F29D83 /* ScoringSectionTeam1View.swift in Sources */ = {isa = PBXBuildFile; fileRef = E3632FB22893920D00F29D83 /* ScoringSectionTeam1View.swift */; };
		E3632FB52893922200F29D83 /* ScoringSectionTeam2View.swift in Sources */ = {isa = PBXBuildFile; fileRef = E3632FB42893922200F29D83 /* ScoringSectionTeam2View.swift */; };
		E3632FB728939DD500F29D83 /* Stopwatch.swift in Sources */ = {isa = PBXBuildFile; fileRef = E3632FB628939DD500F29D83 /* Stopwatch.swift */; };
		E3632FB928939E0E00F29D83 /* Styles.swift in Sources */ = {isa = PBXBuildFile; fileRef = E3632FB828939E0E00F29D83 /* Styles.swift */; };
		E3632FBB2893A1DE00F29D83 /* TeamListingTeam1.swift in Sources */ = {isa = PBXBuildFile; fileRef = E3632FBA2893A1DE00F29D83 /* TeamListingTeam1.swift */; };
		E3632FBD2893A1F400F29D83 /* TeamListingTeam2.swift in Sources */ = {isa = PBXBuildFile; fileRef = E3632FBC2893A1F400F29D83 /* TeamListingTeam2.swift */; };
		E3632FBF2893A23800F29D83 /* TopButtonsView.swift in Sources */ = {isa = PBXBuildFile; fileRef = E3632FBE2893A23800F29D83 /* TopButtonsView.swift */; };
		E3632FC12893A24A00F29D83 /* BottomButtonsView.swift in Sources */ = {isa = PBXBuildFile; fileRef = E3632FC02893A24A00F29D83 /* BottomButtonsView.swift */; };
		E3632FC32893A32100F29D83 /* FunctionalityButtonsView.swift in Sources */ = {isa = PBXBuildFile; fileRef = E3632FC22893A32100F29D83 /* FunctionalityButtonsView.swift */; };
		E367357428B1343600D18CCC /* MatchManagerExtension.swift in Sources */ = {isa = PBXBuildFile; fileRef = E367357328B1343600D18CCC /* MatchManagerExtension.swift */; };
		E367357628B136F600D18CCC /* PointScoredExtension.swift in Sources */ = {isa = PBXBuildFile; fileRef = E367357528B136F600D18CCC /* PointScoredExtension.swift */; };
		E39058D628A40B1E0067A536 /* PopupView.swift in Sources */ = {isa = PBXBuildFile; fileRef = E39058D528A40B1E0067A536 /* PopupView.swift */; };
		E39058D828A424440067A536 /* SheetManager.swift in Sources */ = {isa = PBXBuildFile; fileRef = E39058D728A424440067A536 /* SheetManager.swift */; };
		E39058FA28A44D620067A536 /* PopupViewModifier.swift in Sources */ = {isa = PBXBuildFile; fileRef = E39058F928A44D620067A536 /* PopupViewModifier.swift */; };
		E390590128A4842C0067A536 /* MailView.swift in Sources */ = {isa = PBXBuildFile; fileRef = E390590028A4842C0067A536 /* MailView.swift */; };
		E3912AD528985B1200D0DA38 /* WelcomeView.swift in Sources */ = {isa = PBXBuildFile; fileRef = E3912AD428985B1200D0DA38 /* WelcomeView.swift */; };
		E3961548289F250B001D3596 /* PointsFourthRowTeam1View.swift in Sources */ = {isa = PBXBuildFile; fileRef = E3961547289F250B001D3596 /* PointsFourthRowTeam1View.swift */; };
		E396154C289F25EE001D3596 /* PointsFourthRowTeam2View.swift in Sources */ = {isa = PBXBuildFile; fileRef = E396154B289F25EE001D3596 /* PointsFourthRowTeam2View.swift */; };
		E396154E289F262D001D3596 /* PointsFifthRowTeam2View.swift in Sources */ = {isa = PBXBuildFile; fileRef = E396154D289F262D001D3596 /* PointsFifthRowTeam2View.swift */; };
		E3961550289F6DDE001D3596 /* AlertItem.swift in Sources */ = {isa = PBXBuildFile; fileRef = E396154F289F6DDE001D3596 /* AlertItem.swift */; };
		E396157028A0B8EC001D3596 /* PDFKitView.swift in Sources */ = {isa = PBXBuildFile; fileRef = E396156F28A0B8EC001D3596 /* PDFKitView.swift */; };
		E396157428A0BA1A001D3596 /* PickleballRulebook2022.pdf in Resources */ = {isa = PBXBuildFile; fileRef = E396157328A0BA1A001D3596 /* PickleballRulebook2022.pdf */; };
		E396157628A186F6001D3596 /* ScreenshotMaker.swift in Sources */ = {isa = PBXBuildFile; fileRef = E396157528A186F6001D3596 /* ScreenshotMaker.swift */; };
		E396157828A18771001D3596 /* ScreenshotMakerView.swift in Sources */ = {isa = PBXBuildFile; fileRef = E396157728A18771001D3596 /* ScreenshotMakerView.swift */; };
		E396157A28A187C3001D3596 /* ViewExtension.swift in Sources */ = {isa = PBXBuildFile; fileRef = E396157928A187C3001D3596 /* ViewExtension.swift */; };
		E396157C28A18998001D3596 /* ExtensionUIImage.swift in Sources */ = {isa = PBXBuildFile; fileRef = E396157B28A18998001D3596 /* ExtensionUIImage.swift */; };
		E396157E28A19A29001D3596 /* ScreenshotAdminView.swift in Sources */ = {isa = PBXBuildFile; fileRef = E396157D28A19A29001D3596 /* ScreenshotAdminView.swift */; };
		E3BF696928A6D983006FD5E5 /* ActivityViewController.swift in Sources */ = {isa = PBXBuildFile; fileRef = E3BF696828A6D983006FD5E5 /* ActivityViewController.swift */; };
		E3BF696B28A71E37006FD5E5 /* ProgrammerNotes.swift in Sources */ = {isa = PBXBuildFile; fileRef = E3BF696A28A71E37006FD5E5 /* ProgrammerNotes.swift */; };
		E3BF696D28A73D47006FD5E5 /* RefereeTimeOutView.swift in Sources */ = {isa = PBXBuildFile; fileRef = E3BF696C28A73D47006FD5E5 /* RefereeTimeOutView.swift */; };
		E3BF696F28A73D56006FD5E5 /* MedicalTimeOutView.swift in Sources */ = {isa = PBXBuildFile; fileRef = E3BF696E28A73D56006FD5E5 /* MedicalTimeOutView.swift */; };
		E3BF697128A73D89006FD5E5 /* TimeOutsView.swift in Sources */ = {isa = PBXBuildFile; fileRef = E3BF697028A73D89006FD5E5 /* TimeOutsView.swift */; };
		E3DBDD0D289B1CC3005059E8 /* SelectGameStartingServerView.swift in Sources */ = {isa = PBXBuildFile; fileRef = E3DBDD0C289B1CC3005059E8 /* SelectGameStartingServerView.swift */; };
/* End PBXBuildFile section */

/* Begin PBXFileReference section */
		E319215728AEE277008269D5 /* StoreageManger.swift */ = {isa = PBXFileReference; lastKnownFileType = sourcecode.swift; path = StoreageManger.swift; sourceTree = "<group>"; };
		E319215928AFEB64008269D5 /* LargeScoresheetImageView.swift */ = {isa = PBXFileReference; lastKnownFileType = sourcecode.swift; path = LargeScoresheetImageView.swift; sourceTree = "<group>"; };
		E319215B28AFFE39008269D5 /* IntroductionView.swift */ = {isa = PBXFileReference; lastKnownFileType = sourcecode.swift; path = IntroductionView.swift; sourceTree = "<group>"; };
		E319215D28B004D3008269D5 /* CheckToggleStyle.swift */ = {isa = PBXFileReference; lastKnownFileType = sourcecode.swift; path = CheckToggleStyle.swift; sourceTree = "<group>"; };
		E327829728B03C8600690D36 /* QuickstartView.swift */ = {isa = PBXFileReference; lastKnownFileType = sourcecode.swift; path = QuickstartView.swift; sourceTree = "<group>"; };
		E327829928B03CA900690D36 /* ScorekeepingView.swift */ = {isa = PBXFileReference; lastKnownFileType = sourcecode.swift; path = ScorekeepingView.swift; sourceTree = "<group>"; };
		E327829B28B03F8F00690D36 /* IntroductionOverviewView.swift */ = {isa = PBXFileReference; lastKnownFileType = sourcecode.swift; path = IntroductionOverviewView.swift; sourceTree = "<group>"; };
		E33A393E28B1CC840077A2C2 /* RulesView.swift */ = {isa = PBXFileReference; lastKnownFileType = sourcecode.swift; path = RulesView.swift; sourceTree = "<group>"; };
		E33A394028B1CD840077A2C2 /* PointsFifthRowTeam1View.swift */ = {isa = PBXFileReference; lastKnownFileType = sourcecode.swift; path = PointsFifthRowTeam1View.swift; sourceTree = "<group>"; };
		E33D1CFF2899D9DD00B68F61 /* ChangeSidesMarkSideView.swift */ = {isa = PBXFileReference; lastKnownFileType = sourcecode.swift; path = ChangeSidesMarkSideView.swift; sourceTree = "<group>"; };
		E343CB4828B2DE1D0030EC20 /* ViolationView.swift */ = {isa = PBXFileReference; lastKnownFileType = sourcecode.swift; path = ViolationView.swift; sourceTree = "<group>"; };
		E343CB4A28B2E0130030EC20 /* WarningView.swift */ = {isa = PBXFileReference; lastKnownFileType = sourcecode.swift; path = WarningView.swift; sourceTree = "<group>"; };
		E343CB4C28B2E0970030EC20 /* TechnicalFoulView.swift */ = {isa = PBXFileReference; lastKnownFileType = sourcecode.swift; path = TechnicalFoulView.swift; sourceTree = "<group>"; };
		E343CB4E28B2E0EF0030EC20 /* ViolationReferenceView.swift */ = {isa = PBXFileReference; lastKnownFileType = sourcecode.swift; path = ViolationReferenceView.swift; sourceTree = "<group>"; };
		E34932722893B62D0087ABB1 /* PreMatchBriefingView.swift */ = {isa = PBXFileReference; lastKnownFileType = sourcecode.swift; path = PreMatchBriefingView.swift; sourceTree = "<group>"; };
		E34932742893B6450087ABB1 /* RegularTimeOutView.swift */ = {isa = PBXFileReference; lastKnownFileType = sourcecode.swift; path = RegularTimeOutView.swift; sourceTree = "<group>"; };
		E34932782893B6710087ABB1 /* StopwatchView.swift */ = {isa = PBXFileReference; lastKnownFileType = sourcecode.swift; path = StopwatchView.swift; sourceTree = "<group>"; };
		E349327A2893B7FC0087ABB1 /* HelpView.swift */ = {isa = PBXFileReference; lastKnownFileType = sourcecode.swift; path = HelpView.swift; sourceTree = "<group>"; };
		E349327C2893B8490087ABB1 /* EditView.swift */ = {isa = PBXFileReference; lastKnownFileType = sourcecode.swift; path = EditView.swift; sourceTree = "<group>"; };
		E349327E2893B86F0087ABB1 /* StatisticsAdminView.swift */ = {isa = PBXFileReference; lastKnownFileType = sourcecode.swift; path = StatisticsAdminView.swift; sourceTree = "<group>"; };
		E34932802893B8A70087ABB1 /* SettingsAdminView.swift */ = {isa = PBXFileReference; lastKnownFileType = sourcecode.swift; path = SettingsAdminView.swift; sourceTree = "<group>"; };
		E34932822893B8CF0087ABB1 /* AdminView.swift */ = {isa = PBXFileReference; lastKnownFileType = sourcecode.swift; path = AdminView.swift; sourceTree = "<group>"; };
		E3632F7B2893775600F29D83 /* PickleballReferee.app */ = {isa = PBXFileReference; explicitFileType = wrapper.application; includeInIndex = 0; path = PickleballReferee.app; sourceTree = BUILT_PRODUCTS_DIR; };
		E3632F7E2893775600F29D83 /* PickleballRefereeApp.swift */ = {isa = PBXFileReference; lastKnownFileType = sourcecode.swift; path = PickleballRefereeApp.swift; sourceTree = "<group>"; };
		E3632F822893775700F29D83 /* Assets.xcassets */ = {isa = PBXFileReference; lastKnownFileType = folder.assetcatalog; path = Assets.xcassets; sourceTree = "<group>"; };
		E3632F852893775700F29D83 /* Preview Assets.xcassets */ = {isa = PBXFileReference; lastKnownFileType = folder.assetcatalog; path = "Preview Assets.xcassets"; sourceTree = "<group>"; };
		E3632F8F289379EC00F29D83 /* Game.swift */ = {isa = PBXFileReference; lastKnownFileType = sourcecode.swift; path = Game.swift; sourceTree = "<group>"; };
		E3632F9628937C2100F29D83 /* Match.swift */ = {isa = PBXFileReference; lastKnownFileType = sourcecode.swift; path = Match.swift; sourceTree = "<group>"; };
		E3632F9C28937EC900F29D83 /* HomeView.swift */ = {isa = PBXFileReference; lastKnownFileType = sourcecode.swift; path = HomeView.swift; sourceTree = "<group>"; };
		E3632F9E28937EFF00F29D83 /* MatchView.swift */ = {isa = PBXFileReference; lastKnownFileType = sourcecode.swift; path = MatchView.swift; sourceTree = "<group>"; };
		E3632FA028937F1E00F29D83 /* MatchSetupView.swift */ = {isa = PBXFileReference; lastKnownFileType = sourcecode.swift; path = MatchSetupView.swift; sourceTree = "<group>"; };
		E3632FA22893871900F29D83 /* Constants.swift */ = {isa = PBXFileReference; lastKnownFileType = sourcecode.swift; path = Constants.swift; sourceTree = "<group>"; };
		E3632FA428938BF000F29D83 /* PointsScoringTitlesView.swift */ = {isa = PBXFileReference; lastKnownFileType = sourcecode.swift; path = PointsScoringTitlesView.swift; sourceTree = "<group>"; };
		E3632FA628938CDB00F29D83 /* PointsFirstRowTeam1View.swift */ = {isa = PBXFileReference; lastKnownFileType = sourcecode.swift; path = PointsFirstRowTeam1View.swift; sourceTree = "<group>"; };
		E3632FA828938D0600F29D83 /* PointsFirstRowTeam2View.swift */ = {isa = PBXFileReference; lastKnownFileType = sourcecode.swift; path = PointsFirstRowTeam2View.swift; sourceTree = "<group>"; };
		E3632FAA28938D2100F29D83 /* PointsSecondRowTeam1View.swift */ = {isa = PBXFileReference; lastKnownFileType = sourcecode.swift; path = PointsSecondRowTeam1View.swift; sourceTree = "<group>"; };
		E3632FAC2893913F00F29D83 /* PointsSecondRowTeam2View.swift */ = {isa = PBXFileReference; lastKnownFileType = sourcecode.swift; path = PointsSecondRowTeam2View.swift; sourceTree = "<group>"; };
		E3632FAE2893915C00F29D83 /* PointsThirdRowTeam1View.swift */ = {isa = PBXFileReference; lastKnownFileType = sourcecode.swift; path = PointsThirdRowTeam1View.swift; sourceTree = "<group>"; };
		E3632FB02893918100F29D83 /* PointsThirdRowTeam2View.swift */ = {isa = PBXFileReference; lastKnownFileType = sourcecode.swift; path = PointsThirdRowTeam2View.swift; sourceTree = "<group>"; };
		E3632FB22893920D00F29D83 /* ScoringSectionTeam1View.swift */ = {isa = PBXFileReference; lastKnownFileType = sourcecode.swift; path = ScoringSectionTeam1View.swift; sourceTree = "<group>"; };
		E3632FB42893922200F29D83 /* ScoringSectionTeam2View.swift */ = {isa = PBXFileReference; lastKnownFileType = sourcecode.swift; path = ScoringSectionTeam2View.swift; sourceTree = "<group>"; };
		E3632FB628939DD500F29D83 /* Stopwatch.swift */ = {isa = PBXFileReference; lastKnownFileType = sourcecode.swift; path = Stopwatch.swift; sourceTree = "<group>"; };
		E3632FB828939E0E00F29D83 /* Styles.swift */ = {isa = PBXFileReference; lastKnownFileType = sourcecode.swift; path = Styles.swift; sourceTree = "<group>"; };
		E3632FBA2893A1DE00F29D83 /* TeamListingTeam1.swift */ = {isa = PBXFileReference; lastKnownFileType = sourcecode.swift; path = TeamListingTeam1.swift; sourceTree = "<group>"; };
		E3632FBC2893A1F400F29D83 /* TeamListingTeam2.swift */ = {isa = PBXFileReference; lastKnownFileType = sourcecode.swift; path = TeamListingTeam2.swift; sourceTree = "<group>"; };
		E3632FBE2893A23800F29D83 /* TopButtonsView.swift */ = {isa = PBXFileReference; lastKnownFileType = sourcecode.swift; path = TopButtonsView.swift; sourceTree = "<group>"; };
		E3632FC02893A24A00F29D83 /* BottomButtonsView.swift */ = {isa = PBXFileReference; lastKnownFileType = sourcecode.swift; path = BottomButtonsView.swift; sourceTree = "<group>"; };
		E3632FC22893A32100F29D83 /* FunctionalityButtonsView.swift */ = {isa = PBXFileReference; lastKnownFileType = sourcecode.swift; path = FunctionalityButtonsView.swift; sourceTree = "<group>"; };
		E367357328B1343600D18CCC /* MatchManagerExtension.swift */ = {isa = PBXFileReference; lastKnownFileType = sourcecode.swift; path = MatchManagerExtension.swift; sourceTree = "<group>"; };
		E367357528B136F600D18CCC /* PointScoredExtension.swift */ = {isa = PBXFileReference; lastKnownFileType = sourcecode.swift; path = PointScoredExtension.swift; sourceTree = "<group>"; };
		E39058D528A40B1E0067A536 /* PopupView.swift */ = {isa = PBXFileReference; lastKnownFileType = sourcecode.swift; path = PopupView.swift; sourceTree = "<group>"; };
		E39058D728A424440067A536 /* SheetManager.swift */ = {isa = PBXFileReference; lastKnownFileType = sourcecode.swift; path = SheetManager.swift; sourceTree = "<group>"; };
		E39058F928A44D620067A536 /* PopupViewModifier.swift */ = {isa = PBXFileReference; lastKnownFileType = sourcecode.swift; path = PopupViewModifier.swift; sourceTree = "<group>"; };
		E390590028A4842C0067A536 /* MailView.swift */ = {isa = PBXFileReference; lastKnownFileType = sourcecode.swift; path = MailView.swift; sourceTree = "<group>"; };
		E3912AD428985B1200D0DA38 /* WelcomeView.swift */ = {isa = PBXFileReference; lastKnownFileType = sourcecode.swift; path = WelcomeView.swift; sourceTree = "<group>"; };
		E3961547289F250B001D3596 /* PointsFourthRowTeam1View.swift */ = {isa = PBXFileReference; lastKnownFileType = sourcecode.swift; path = PointsFourthRowTeam1View.swift; sourceTree = "<group>"; };
		E396154B289F25EE001D3596 /* PointsFourthRowTeam2View.swift */ = {isa = PBXFileReference; lastKnownFileType = sourcecode.swift; path = PointsFourthRowTeam2View.swift; sourceTree = "<group>"; };
		E396154D289F262D001D3596 /* PointsFifthRowTeam2View.swift */ = {isa = PBXFileReference; lastKnownFileType = sourcecode.swift; path = PointsFifthRowTeam2View.swift; sourceTree = "<group>"; };
		E396154F289F6DDE001D3596 /* AlertItem.swift */ = {isa = PBXFileReference; lastKnownFileType = sourcecode.swift; path = AlertItem.swift; sourceTree = "<group>"; };
		E396156F28A0B8EC001D3596 /* PDFKitView.swift */ = {isa = PBXFileReference; lastKnownFileType = sourcecode.swift; path = PDFKitView.swift; sourceTree = "<group>"; };
		E396157328A0BA1A001D3596 /* PickleballRulebook2022.pdf */ = {isa = PBXFileReference; lastKnownFileType = image.pdf; path = PickleballRulebook2022.pdf; sourceTree = "<group>"; };
		E396157528A186F6001D3596 /* ScreenshotMaker.swift */ = {isa = PBXFileReference; lastKnownFileType = sourcecode.swift; path = ScreenshotMaker.swift; sourceTree = "<group>"; };
		E396157728A18771001D3596 /* ScreenshotMakerView.swift */ = {isa = PBXFileReference; lastKnownFileType = sourcecode.swift; path = ScreenshotMakerView.swift; sourceTree = "<group>"; };
		E396157928A187C3001D3596 /* ViewExtension.swift */ = {isa = PBXFileReference; lastKnownFileType = sourcecode.swift; path = ViewExtension.swift; sourceTree = "<group>"; };
		E396157B28A18998001D3596 /* ExtensionUIImage.swift */ = {isa = PBXFileReference; lastKnownFileType = sourcecode.swift; path = ExtensionUIImage.swift; sourceTree = "<group>"; };
		E396157D28A19A29001D3596 /* ScreenshotAdminView.swift */ = {isa = PBXFileReference; lastKnownFileType = sourcecode.swift; path = ScreenshotAdminView.swift; sourceTree = "<group>"; };
		E3BF696828A6D983006FD5E5 /* ActivityViewController.swift */ = {isa = PBXFileReference; lastKnownFileType = sourcecode.swift; path = ActivityViewController.swift; sourceTree = "<group>"; };
		E3BF696A28A71E37006FD5E5 /* ProgrammerNotes.swift */ = {isa = PBXFileReference; lastKnownFileType = sourcecode.swift; path = ProgrammerNotes.swift; sourceTree = "<group>"; };
		E3BF696C28A73D47006FD5E5 /* RefereeTimeOutView.swift */ = {isa = PBXFileReference; lastKnownFileType = sourcecode.swift; path = RefereeTimeOutView.swift; sourceTree = "<group>"; };
		E3BF696E28A73D56006FD5E5 /* MedicalTimeOutView.swift */ = {isa = PBXFileReference; lastKnownFileType = sourcecode.swift; path = MedicalTimeOutView.swift; sourceTree = "<group>"; };
		E3BF697028A73D89006FD5E5 /* TimeOutsView.swift */ = {isa = PBXFileReference; lastKnownFileType = sourcecode.swift; path = TimeOutsView.swift; sourceTree = "<group>"; };
		E3DBDD0C289B1CC3005059E8 /* SelectGameStartingServerView.swift */ = {isa = PBXFileReference; lastKnownFileType = sourcecode.swift; path = SelectGameStartingServerView.swift; sourceTree = "<group>"; };
/* End PBXFileReference section */

/* Begin PBXFrameworksBuildPhase section */
		E3632F782893775600F29D83 /* Frameworks */ = {
			isa = PBXFrameworksBuildPhase;
			buildActionMask = 2147483647;
			files = (
				E34D25DC289C9023006AAC51 /* RealmSwift in Frameworks */,
				E34D25DA289C9023006AAC51 /* Realm in Frameworks */,
				E3632F9528937A7D00F29D83 /* RealmSwift in Frameworks */,
				E3632F9328937A7D00F29D83 /* Realm in Frameworks */,
			);
			runOnlyForDeploymentPostprocessing = 0;
		};
/* End PBXFrameworksBuildPhase section */

/* Begin PBXGroup section */
		E3632F722893775600F29D83 = {
			isa = PBXGroup;
			children = (
				E3632F7D2893775600F29D83 /* PickleballReferee */,
				E3632F7C2893775600F29D83 /* Products */,
			);
			sourceTree = "<group>";
		};
		E3632F7C2893775600F29D83 /* Products */ = {
			isa = PBXGroup;
			children = (
				E3632F7B2893775600F29D83 /* PickleballReferee.app */,
			);
			name = Products;
			sourceTree = "<group>";
		};
		E3632F7D2893775600F29D83 /* PickleballReferee */ = {
			isa = PBXGroup;
			children = (
				E3632F7E2893775600F29D83 /* PickleballRefereeApp.swift */,
				E3632F8D2893796500F29D83 /* Model */,
				E3632F8C2893795700F29D83 /* Views */,
				E3632F8E2893796F00F29D83 /* SupportingFiles */,
				E396157328A0BA1A001D3596 /* PickleballRulebook2022.pdf */,
				E3632F822893775700F29D83 /* Assets.xcassets */,
				E3632F842893775700F29D83 /* Preview Content */,
			);
			path = PickleballReferee;
			sourceTree = "<group>";
		};
		E3632F842893775700F29D83 /* Preview Content */ = {
			isa = PBXGroup;
			children = (
				E3632F852893775700F29D83 /* Preview Assets.xcassets */,
			);
			path = "Preview Content";
			sourceTree = "<group>";
		};
		E3632F8C2893795700F29D83 /* Views */ = {
			isa = PBXGroup;
			children = (
				E34932822893B8CF0087ABB1 /* AdminView.swift */,
				E3632FC02893A24A00F29D83 /* BottomButtonsView.swift */,
				E33D1CFF2899D9DD00B68F61 /* ChangeSidesMarkSideView.swift */,
				E349327C2893B8490087ABB1 /* EditView.swift */,
				E3632FC22893A32100F29D83 /* FunctionalityButtonsView.swift */,
				E349327A2893B7FC0087ABB1 /* HelpView.swift */,
				E3632F9C28937EC900F29D83 /* HomeView.swift */,
				E319215B28AFFE39008269D5 /* IntroductionView.swift */,
				E327829B28B03F8F00690D36 /* IntroductionOverviewView.swift */,
				E319215928AFEB64008269D5 /* LargeScoresheetImageView.swift */,
				E3632F9E28937EFF00F29D83 /* MatchView.swift */,
				E3632FA028937F1E00F29D83 /* MatchSetupView.swift */,
				E3BF696E28A73D56006FD5E5 /* MedicalTimeOutView.swift */,
				E396156F28A0B8EC001D3596 /* PDFKitView.swift */,
				E3632FA628938CDB00F29D83 /* PointsFirstRowTeam1View.swift */,
				E3632FA828938D0600F29D83 /* PointsFirstRowTeam2View.swift */,
				E3632FAA28938D2100F29D83 /* PointsSecondRowTeam1View.swift */,
				E3632FAC2893913F00F29D83 /* PointsSecondRowTeam2View.swift */,
				E3632FAE2893915C00F29D83 /* PointsThirdRowTeam1View.swift */,
				E3632FB02893918100F29D83 /* PointsThirdRowTeam2View.swift */,
				E3961547289F250B001D3596 /* PointsFourthRowTeam1View.swift */,
				E396154B289F25EE001D3596 /* PointsFourthRowTeam2View.swift */,
				E33A394028B1CD840077A2C2 /* PointsFifthRowTeam1View.swift */,
				E396154D289F262D001D3596 /* PointsFifthRowTeam2View.swift */,
				E3632FA428938BF000F29D83 /* PointsScoringTitlesView.swift */,
				E39058D528A40B1E0067A536 /* PopupView.swift */,
				E34932722893B62D0087ABB1 /* PreMatchBriefingView.swift */,
				E327829728B03C8600690D36 /* QuickstartView.swift */,
				E34932742893B6450087ABB1 /* RegularTimeOutView.swift */,
				E3BF696C28A73D47006FD5E5 /* RefereeTimeOutView.swift */,
				E33A393E28B1CC840077A2C2 /* RulesView.swift */,
				E3632FB22893920D00F29D83 /* ScoringSectionTeam1View.swift */,
				E3632FB42893922200F29D83 /* ScoringSectionTeam2View.swift */,
				E327829928B03CA900690D36 /* ScorekeepingView.swift */,
				E396157728A18771001D3596 /* ScreenshotMakerView.swift */,
				E3DBDD0C289B1CC3005059E8 /* SelectGameStartingServerView.swift */,
				E34932802893B8A70087ABB1 /* SettingsAdminView.swift */,
				E396157D28A19A29001D3596 /* ScreenshotAdminView.swift */,
				E349327E2893B86F0087ABB1 /* StatisticsAdminView.swift */,
				E34932782893B6710087ABB1 /* StopwatchView.swift */,
				E3632FBA2893A1DE00F29D83 /* TeamListingTeam1.swift */,
				E3632FBC2893A1F400F29D83 /* TeamListingTeam2.swift */,
				E343CB4C28B2E0970030EC20 /* TechnicalFoulView.swift */,
				E3BF697028A73D89006FD5E5 /* TimeOutsView.swift */,
				E3632FBE2893A23800F29D83 /* TopButtonsView.swift */,
				E343CB4828B2DE1D0030EC20 /* ViolationView.swift */,
				E343CB4E28B2E0EF0030EC20 /* ViolationReferenceView.swift */,
				E343CB4A28B2E0130030EC20 /* WarningView.swift */,
				E3912AD428985B1200D0DA38 /* WelcomeView.swift */,
			);
			path = Views;
			sourceTree = "<group>";
		};
		E3632F8D2893796500F29D83 /* Model */ = {
			isa = PBXGroup;
			children = (
				E3632F8F289379EC00F29D83 /* Game.swift */,
				E3632F9628937C2100F29D83 /* Match.swift */,
			);
			path = Model;
			sourceTree = "<group>";
		};
		E3632F8E2893796F00F29D83 /* SupportingFiles */ = {
			isa = PBXGroup;
			children = (
				E3BF696828A6D983006FD5E5 /* ActivityViewController.swift */,
				E396154F289F6DDE001D3596 /* AlertItem.swift */,
				E3632FA22893871900F29D83 /* Constants.swift */,
				E396157B28A18998001D3596 /* ExtensionUIImage.swift */,
				E390590028A4842C0067A536 /* MailView.swift */,
				E367357328B1343600D18CCC /* MatchManagerExtension.swift */,
				E367357528B136F600D18CCC /* PointScoredExtension.swift */,
				E39058F928A44D620067A536 /* PopupViewModifier.swift */,
				E3BF696A28A71E37006FD5E5 /* ProgrammerNotes.swift */,
				E396157528A186F6001D3596 /* ScreenshotMaker.swift */,
				E39058D728A424440067A536 /* SheetManager.swift */,
				E3632FB628939DD500F29D83 /* Stopwatch.swift */,
				E319215728AEE277008269D5 /* StoreageManger.swift */,
				E3632FB828939E0E00F29D83 /* Styles.swift */,
				E396157928A187C3001D3596 /* ViewExtension.swift */,
				E319215D28B004D3008269D5 /* CheckToggleStyle.swift */,
			);
			path = SupportingFiles;
			sourceTree = "<group>";
		};
/* End PBXGroup section */

/* Begin PBXNativeTarget section */
		E3632F7A2893775600F29D83 /* PickleballReferee */ = {
			isa = PBXNativeTarget;
			buildConfigurationList = E3632F892893775700F29D83 /* Build configuration list for PBXNativeTarget "PickleballReferee" */;
			buildPhases = (
				E3632F772893775600F29D83 /* Sources */,
				E3632F782893775600F29D83 /* Frameworks */,
				E3632F792893775600F29D83 /* Resources */,
			);
			buildRules = (
			);
			dependencies = (
			);
			name = PickleballReferee;
			packageProductDependencies = (
				E3632F9228937A7D00F29D83 /* Realm */,
				E3632F9428937A7D00F29D83 /* RealmSwift */,
				E34D25D9289C9023006AAC51 /* Realm */,
				E34D25DB289C9023006AAC51 /* RealmSwift */,
			);
			productName = PickleballReferee;
			productReference = E3632F7B2893775600F29D83 /* PickleballReferee.app */;
			productType = "com.apple.product-type.application";
		};
/* End PBXNativeTarget section */

/* Begin PBXProject section */
		E3632F732893775600F29D83 /* Project object */ = {
			isa = PBXProject;
			attributes = {
				BuildIndependentTargetsInParallel = 1;
				LastSwiftUpdateCheck = 1340;
				LastUpgradeCheck = 1340;
				TargetAttributes = {
					E3632F7A2893775600F29D83 = {
						CreatedOnToolsVersion = 13.4.1;
					};
				};
			};
			buildConfigurationList = E3632F762893775600F29D83 /* Build configuration list for PBXProject "PickleballReferee" */;
			compatibilityVersion = "Xcode 13.0";
			developmentRegion = en;
			hasScannedForEncodings = 0;
			knownRegions = (
				en,
				Base,
			);
			mainGroup = E3632F722893775600F29D83;
			packageReferences = (
				E3632F9128937A7D00F29D83 /* XCRemoteSwiftPackageReference "realm-swift" */,
				E34D25D8289C9023006AAC51 /* XCRemoteSwiftPackageReference "realm-swift" */,
			);
			productRefGroup = E3632F7C2893775600F29D83 /* Products */;
			projectDirPath = "";
			projectRoot = "";
			targets = (
				E3632F7A2893775600F29D83 /* PickleballReferee */,
			);
		};
/* End PBXProject section */

/* Begin PBXResourcesBuildPhase section */
		E3632F792893775600F29D83 /* Resources */ = {
			isa = PBXResourcesBuildPhase;
			buildActionMask = 2147483647;
			files = (
				E396157428A0BA1A001D3596 /* PickleballRulebook2022.pdf in Resources */,
				E3632F862893775700F29D83 /* Preview Assets.xcassets in Resources */,
				E3632F832893775700F29D83 /* Assets.xcassets in Resources */,
			);
			runOnlyForDeploymentPostprocessing = 0;
		};
/* End PBXResourcesBuildPhase section */

/* Begin PBXSourcesBuildPhase section */
		E3632F772893775600F29D83 /* Sources */ = {
			isa = PBXSourcesBuildPhase;
			buildActionMask = 2147483647;
			files = (
				E3BF697128A73D89006FD5E5 /* TimeOutsView.swift in Sources */,
				E327829828B03C8600690D36 /* QuickstartView.swift in Sources */,
				E343CB4D28B2E0970030EC20 /* TechnicalFoulView.swift in Sources */,
				E39058D628A40B1E0067A536 /* PopupView.swift in Sources */,
				E3632FC12893A24A00F29D83 /* BottomButtonsView.swift in Sources */,
				E34932792893B6710087ABB1 /* StopwatchView.swift in Sources */,
				E3632FA728938CDB00F29D83 /* PointsFirstRowTeam1View.swift in Sources */,
				E343CB4F28B2E0EF0030EC20 /* ViolationReferenceView.swift in Sources */,
				E3632F9D28937EC900F29D83 /* HomeView.swift in Sources */,
				E3961550289F6DDE001D3596 /* AlertItem.swift in Sources */,
				E319215C28AFFE39008269D5 /* IntroductionView.swift in Sources */,
				E3912AD528985B1200D0DA38 /* WelcomeView.swift in Sources */,
				E3632FB12893918100F29D83 /* PointsThirdRowTeam2View.swift in Sources */,
				E3632FB52893922200F29D83 /* ScoringSectionTeam2View.swift in Sources */,
				E319215828AEE277008269D5 /* StoreageManger.swift in Sources */,
				E396154C289F25EE001D3596 /* PointsFourthRowTeam2View.swift in Sources */,
				E3961548289F250B001D3596 /* PointsFourthRowTeam1View.swift in Sources */,
				E3632FAB28938D2100F29D83 /* PointsSecondRowTeam1View.swift in Sources */,
				E3632FA528938BF000F29D83 /* PointsScoringTitlesView.swift in Sources */,
				E396157C28A18998001D3596 /* ExtensionUIImage.swift in Sources */,
				E3BF696B28A71E37006FD5E5 /* ProgrammerNotes.swift in Sources */,
				E34932832893B8CF0087ABB1 /* AdminView.swift in Sources */,
				E319215E28B004D3008269D5 /* CheckToggleStyle.swift in Sources */,
				E343CB4928B2DE1D0030EC20 /* ViolationView.swift in Sources */,
				E3632FC32893A32100F29D83 /* FunctionalityButtonsView.swift in Sources */,
				E396154E289F262D001D3596 /* PointsFifthRowTeam2View.swift in Sources */,
				E33D1D002899D9DD00B68F61 /* ChangeSidesMarkSideView.swift in Sources */,
				E3DBDD0D289B1CC3005059E8 /* SelectGameStartingServerView.swift in Sources */,
				E34932752893B6450087ABB1 /* RegularTimeOutView.swift in Sources */,
				E3632FB728939DD500F29D83 /* Stopwatch.swift in Sources */,
				E349327B2893B7FC0087ABB1 /* HelpView.swift in Sources */,
				E3BF696928A6D983006FD5E5 /* ActivityViewController.swift in Sources */,
				E3BF696F28A73D56006FD5E5 /* MedicalTimeOutView.swift in Sources */,
				E34932732893B62D0087ABB1 /* PreMatchBriefingView.swift in Sources */,
				E3632F9F28937EFF00F29D83 /* MatchView.swift in Sources */,
				E3632F90289379EC00F29D83 /* Game.swift in Sources */,
				E39058D828A424440067A536 /* SheetManager.swift in Sources */,
				E367357428B1343600D18CCC /* MatchManagerExtension.swift in Sources */,
				E33A393F28B1CC840077A2C2 /* RulesView.swift in Sources */,
				E3632FAD2893913F00F29D83 /* PointsSecondRowTeam2View.swift in Sources */,
				E327829A28B03CA900690D36 /* ScorekeepingView.swift in Sources */,
				E3632FBF2893A23800F29D83 /* TopButtonsView.swift in Sources */,
				E3632FA32893871900F29D83 /* Constants.swift in Sources */,
				E396157628A186F6001D3596 /* ScreenshotMaker.swift in Sources */,
				E3632FA928938D0600F29D83 /* PointsFirstRowTeam2View.swift in Sources */,
				E390590128A4842C0067A536 /* MailView.swift in Sources */,
				E327829C28B03F8F00690D36 /* IntroductionOverviewView.swift in Sources */,
				E396157A28A187C3001D3596 /* ViewExtension.swift in Sources */,
				E396157828A18771001D3596 /* ScreenshotMakerView.swift in Sources */,
				E34932812893B8A70087ABB1 /* SettingsAdminView.swift in Sources */,
				E367357628B136F600D18CCC /* PointScoredExtension.swift in Sources */,
				E349327F2893B86F0087ABB1 /* StatisticsAdminView.swift in Sources */,
				E396157028A0B8EC001D3596 /* PDFKitView.swift in Sources */,
				E349327D2893B8490087ABB1 /* EditView.swift in Sources */,
				E3632FAF2893915C00F29D83 /* PointsThirdRowTeam1View.swift in Sources */,
				E3632FBD2893A1F400F29D83 /* TeamListingTeam2.swift in Sources */,
				E3632FB928939E0E00F29D83 /* Styles.swift in Sources */,
				E3BF696D28A73D47006FD5E5 /* RefereeTimeOutView.swift in Sources */,
				E33A394128B1CD840077A2C2 /* PointsFifthRowTeam1View.swift in Sources */,
				E3632FA128937F1E00F29D83 /* MatchSetupView.swift in Sources */,
				E3632F7F2893775600F29D83 /* PickleballRefereeApp.swift in Sources */,
				E343CB4B28B2E0130030EC20 /* WarningView.swift in Sources */,
				E39058FA28A44D620067A536 /* PopupViewModifier.swift in Sources */,
				E3632FB32893920D00F29D83 /* ScoringSectionTeam1View.swift in Sources */,
				E396157E28A19A29001D3596 /* ScreenshotAdminView.swift in Sources */,
				E3632F9728937C2100F29D83 /* Match.swift in Sources */,
				E3632FBB2893A1DE00F29D83 /* TeamListingTeam1.swift in Sources */,
				E319215A28AFEB64008269D5 /* LargeScoresheetImageView.swift in Sources */,
			);
			runOnlyForDeploymentPostprocessing = 0;
		};
/* End PBXSourcesBuildPhase section */

/* Begin XCBuildConfiguration section */
		E3632F872893775700F29D83 /* Debug */ = {
			isa = XCBuildConfiguration;
			buildSettings = {
				ALWAYS_SEARCH_USER_PATHS = NO;
				CLANG_ANALYZER_NONNULL = YES;
				CLANG_ANALYZER_NUMBER_OBJECT_CONVERSION = YES_AGGRESSIVE;
				CLANG_CXX_LANGUAGE_STANDARD = "gnu++17";
				CLANG_ENABLE_MODULES = YES;
				CLANG_ENABLE_OBJC_ARC = YES;
				CLANG_ENABLE_OBJC_WEAK = YES;
				CLANG_WARN_BLOCK_CAPTURE_AUTORELEASING = YES;
				CLANG_WARN_BOOL_CONVERSION = YES;
				CLANG_WARN_COMMA = YES;
				CLANG_WARN_CONSTANT_CONVERSION = YES;
				CLANG_WARN_DEPRECATED_OBJC_IMPLEMENTATIONS = YES;
				CLANG_WARN_DIRECT_OBJC_ISA_USAGE = YES_ERROR;
				CLANG_WARN_DOCUMENTATION_COMMENTS = YES;
				CLANG_WARN_EMPTY_BODY = YES;
				CLANG_WARN_ENUM_CONVERSION = YES;
				CLANG_WARN_INFINITE_RECURSION = YES;
				CLANG_WARN_INT_CONVERSION = YES;
				CLANG_WARN_NON_LITERAL_NULL_CONVERSION = YES;
				CLANG_WARN_OBJC_IMPLICIT_RETAIN_SELF = YES;
				CLANG_WARN_OBJC_LITERAL_CONVERSION = YES;
				CLANG_WARN_OBJC_ROOT_CLASS = YES_ERROR;
				CLANG_WARN_QUOTED_INCLUDE_IN_FRAMEWORK_HEADER = YES;
				CLANG_WARN_RANGE_LOOP_ANALYSIS = YES;
				CLANG_WARN_STRICT_PROTOTYPES = YES;
				CLANG_WARN_SUSPICIOUS_MOVE = YES;
				CLANG_WARN_UNGUARDED_AVAILABILITY = YES_AGGRESSIVE;
				CLANG_WARN_UNREACHABLE_CODE = YES;
				CLANG_WARN__DUPLICATE_METHOD_MATCH = YES;
				COPY_PHASE_STRIP = NO;
				DEBUG_INFORMATION_FORMAT = dwarf;
				ENABLE_STRICT_OBJC_MSGSEND = YES;
				ENABLE_TESTABILITY = YES;
				GCC_C_LANGUAGE_STANDARD = gnu11;
				GCC_DYNAMIC_NO_PIC = NO;
				GCC_NO_COMMON_BLOCKS = YES;
				GCC_OPTIMIZATION_LEVEL = 0;
				GCC_PREPROCESSOR_DEFINITIONS = (
					"DEBUG=1",
					"$(inherited)",
				);
				GCC_WARN_64_TO_32_BIT_CONVERSION = YES;
				GCC_WARN_ABOUT_RETURN_TYPE = YES_ERROR;
				GCC_WARN_UNDECLARED_SELECTOR = YES;
				GCC_WARN_UNINITIALIZED_AUTOS = YES_AGGRESSIVE;
				GCC_WARN_UNUSED_FUNCTION = YES;
				GCC_WARN_UNUSED_VARIABLE = YES;
				IPHONEOS_DEPLOYMENT_TARGET = 15.5;
				MTL_ENABLE_DEBUG_INFO = INCLUDE_SOURCE;
				MTL_FAST_MATH = YES;
				ONLY_ACTIVE_ARCH = YES;
				SDKROOT = iphoneos;
				SWIFT_ACTIVE_COMPILATION_CONDITIONS = DEBUG;
				SWIFT_OPTIMIZATION_LEVEL = "-Onone";
			};
			name = Debug;
		};
		E3632F882893775700F29D83 /* Release */ = {
			isa = XCBuildConfiguration;
			buildSettings = {
				ALWAYS_SEARCH_USER_PATHS = NO;
				CLANG_ANALYZER_NONNULL = YES;
				CLANG_ANALYZER_NUMBER_OBJECT_CONVERSION = YES_AGGRESSIVE;
				CLANG_CXX_LANGUAGE_STANDARD = "gnu++17";
				CLANG_ENABLE_MODULES = YES;
				CLANG_ENABLE_OBJC_ARC = YES;
				CLANG_ENABLE_OBJC_WEAK = YES;
				CLANG_WARN_BLOCK_CAPTURE_AUTORELEASING = YES;
				CLANG_WARN_BOOL_CONVERSION = YES;
				CLANG_WARN_COMMA = YES;
				CLANG_WARN_CONSTANT_CONVERSION = YES;
				CLANG_WARN_DEPRECATED_OBJC_IMPLEMENTATIONS = YES;
				CLANG_WARN_DIRECT_OBJC_ISA_USAGE = YES_ERROR;
				CLANG_WARN_DOCUMENTATION_COMMENTS = YES;
				CLANG_WARN_EMPTY_BODY = YES;
				CLANG_WARN_ENUM_CONVERSION = YES;
				CLANG_WARN_INFINITE_RECURSION = YES;
				CLANG_WARN_INT_CONVERSION = YES;
				CLANG_WARN_NON_LITERAL_NULL_CONVERSION = YES;
				CLANG_WARN_OBJC_IMPLICIT_RETAIN_SELF = YES;
				CLANG_WARN_OBJC_LITERAL_CONVERSION = YES;
				CLANG_WARN_OBJC_ROOT_CLASS = YES_ERROR;
				CLANG_WARN_QUOTED_INCLUDE_IN_FRAMEWORK_HEADER = YES;
				CLANG_WARN_RANGE_LOOP_ANALYSIS = YES;
				CLANG_WARN_STRICT_PROTOTYPES = YES;
				CLANG_WARN_SUSPICIOUS_MOVE = YES;
				CLANG_WARN_UNGUARDED_AVAILABILITY = YES_AGGRESSIVE;
				CLANG_WARN_UNREACHABLE_CODE = YES;
				CLANG_WARN__DUPLICATE_METHOD_MATCH = YES;
				COPY_PHASE_STRIP = NO;
				DEBUG_INFORMATION_FORMAT = "dwarf-with-dsym";
				ENABLE_NS_ASSERTIONS = NO;
				ENABLE_STRICT_OBJC_MSGSEND = YES;
				GCC_C_LANGUAGE_STANDARD = gnu11;
				GCC_NO_COMMON_BLOCKS = YES;
				GCC_WARN_64_TO_32_BIT_CONVERSION = YES;
				GCC_WARN_ABOUT_RETURN_TYPE = YES_ERROR;
				GCC_WARN_UNDECLARED_SELECTOR = YES;
				GCC_WARN_UNINITIALIZED_AUTOS = YES_AGGRESSIVE;
				GCC_WARN_UNUSED_FUNCTION = YES;
				GCC_WARN_UNUSED_VARIABLE = YES;
				IPHONEOS_DEPLOYMENT_TARGET = 15.5;
				MTL_ENABLE_DEBUG_INFO = NO;
				MTL_FAST_MATH = YES;
				SDKROOT = iphoneos;
				SWIFT_COMPILATION_MODE = wholemodule;
				SWIFT_OPTIMIZATION_LEVEL = "-O";
				VALIDATE_PRODUCT = YES;
			};
			name = Release;
		};
		E3632F8A2893775700F29D83 /* Debug */ = {
			isa = XCBuildConfiguration;
			buildSettings = {
				ASSETCATALOG_COMPILER_APPICON_NAME = AppIcon;
				ASSETCATALOG_COMPILER_GLOBAL_ACCENT_COLOR_NAME = AccentColor;
				CODE_SIGN_STYLE = Automatic;
				CURRENT_PROJECT_VERSION = 1;
				DEVELOPMENT_ASSET_PATHS = "\"PickleballReferee/Preview Content\"";
				DEVELOPMENT_TEAM = L7YV8ZT54T;
				ENABLE_PREVIEWS = YES;
				GENERATE_INFOPLIST_FILE = YES;
				INFOPLIST_KEY_UIApplicationSceneManifest_Generation = YES;
				INFOPLIST_KEY_UIApplicationSupportsIndirectInputEvents = YES;
				INFOPLIST_KEY_UILaunchScreen_Generation = YES;
				INFOPLIST_KEY_UISupportedInterfaceOrientations_iPad = "UIInterfaceOrientationLandscapeLeft UIInterfaceOrientationLandscapeRight";
				INFOPLIST_KEY_UISupportedInterfaceOrientations_iPhone = "UIInterfaceOrientationLandscapeLeft UIInterfaceOrientationLandscapeRight";
				LD_RUNPATH_SEARCH_PATHS = (
					"$(inherited)",
					"@executable_path/Frameworks",
				);
				MARKETING_VERSION = 1.0;
				PRODUCT_BUNDLE_IDENTIFIER = com.woolsackservices.PickleballReferee;
				PRODUCT_NAME = "$(TARGET_NAME)";
				SWIFT_EMIT_LOC_STRINGS = YES;
				SWIFT_VERSION = 5.0;
				TARGETED_DEVICE_FAMILY = "1,2";
			};
			name = Debug;
		};
		E3632F8B2893775700F29D83 /* Release */ = {
			isa = XCBuildConfiguration;
			buildSettings = {
				ASSETCATALOG_COMPILER_APPICON_NAME = AppIcon;
				ASSETCATALOG_COMPILER_GLOBAL_ACCENT_COLOR_NAME = AccentColor;
				CODE_SIGN_STYLE = Automatic;
				CURRENT_PROJECT_VERSION = 1;
				DEVELOPMENT_ASSET_PATHS = "\"PickleballReferee/Preview Content\"";
				DEVELOPMENT_TEAM = L7YV8ZT54T;
				ENABLE_PREVIEWS = YES;
				GENERATE_INFOPLIST_FILE = YES;
				INFOPLIST_KEY_UIApplicationSceneManifest_Generation = YES;
				INFOPLIST_KEY_UIApplicationSupportsIndirectInputEvents = YES;
				INFOPLIST_KEY_UILaunchScreen_Generation = YES;
				INFOPLIST_KEY_UISupportedInterfaceOrientations_iPad = "UIInterfaceOrientationLandscapeLeft UIInterfaceOrientationLandscapeRight";
				INFOPLIST_KEY_UISupportedInterfaceOrientations_iPhone = "UIInterfaceOrientationLandscapeLeft UIInterfaceOrientationLandscapeRight";
				LD_RUNPATH_SEARCH_PATHS = (
					"$(inherited)",
					"@executable_path/Frameworks",
				);
				MARKETING_VERSION = 1.0;
				PRODUCT_BUNDLE_IDENTIFIER = com.woolsackservices.PickleballReferee;
				PRODUCT_NAME = "$(TARGET_NAME)";
				SWIFT_EMIT_LOC_STRINGS = YES;
				SWIFT_VERSION = 5.0;
				TARGETED_DEVICE_FAMILY = "1,2";
			};
			name = Release;
		};
/* End XCBuildConfiguration section */

/* Begin XCConfigurationList section */
		E3632F762893775600F29D83 /* Build configuration list for PBXProject "PickleballReferee" */ = {
			isa = XCConfigurationList;
			buildConfigurations = (
				E3632F872893775700F29D83 /* Debug */,
				E3632F882893775700F29D83 /* Release */,
			);
			defaultConfigurationIsVisible = 0;
			defaultConfigurationName = Release;
		};
		E3632F892893775700F29D83 /* Build configuration list for PBXNativeTarget "PickleballReferee" */ = {
			isa = XCConfigurationList;
			buildConfigurations = (
				E3632F8A2893775700F29D83 /* Debug */,
				E3632F8B2893775700F29D83 /* Release */,
			);
			defaultConfigurationIsVisible = 0;
			defaultConfigurationName = Release;
		};
/* End XCConfigurationList section */

/* Begin XCRemoteSwiftPackageReference section */
		E34D25D8289C9023006AAC51 /* XCRemoteSwiftPackageReference "realm-swift" */ = {
			isa = XCRemoteSwiftPackageReference;
			repositoryURL = "https://github.com/realm/realm-swift";
			requirement = {
				kind = upToNextMajorVersion;
				minimumVersion = 10.28.3;
			};
		};
		E3632F9128937A7D00F29D83 /* XCRemoteSwiftPackageReference "realm-swift" */ = {
			isa = XCRemoteSwiftPackageReference;
			repositoryURL = "https://github.com/realm/realm-swift";
			requirement = {
				kind = upToNextMajorVersion;
				minimumVersion = 10.28.3;
			};
		};
/* End XCRemoteSwiftPackageReference section */

/* Begin XCSwiftPackageProductDependency section */
		E34D25D9289C9023006AAC51 /* Realm */ = {
			isa = XCSwiftPackageProductDependency;
			package = E3632F9128937A7D00F29D83 /* XCRemoteSwiftPackageReference "realm-swift" */;
			productName = Realm;
		};
		E34D25DB289C9023006AAC51 /* RealmSwift */ = {
			isa = XCSwiftPackageProductDependency;
			package = E3632F9128937A7D00F29D83 /* XCRemoteSwiftPackageReference "realm-swift" */;
			productName = RealmSwift;
		};
		E3632F9228937A7D00F29D83 /* Realm */ = {
			isa = XCSwiftPackageProductDependency;
			package = E3632F9128937A7D00F29D83 /* XCRemoteSwiftPackageReference "realm-swift" */;
			productName = Realm;
		};
		E3632F9428937A7D00F29D83 /* RealmSwift */ = {
			isa = XCSwiftPackageProductDependency;
			package = E3632F9128937A7D00F29D83 /* XCRemoteSwiftPackageReference "realm-swift" */;
			productName = RealmSwift;
		};
/* End XCSwiftPackageProductDependency section */
	};
	rootObject = E3632F732893775600F29D83 /* Project object */;
}
